
Microsoft Visual Studio Solution File, Format Version 12.00
# Visual Studio Version 17
VisualStudioVersion = 17.0.31903.59
MinimumVisualStudioVersion = 10.0.40219.1
Project("{2150E333-8FDC-42A3-9474-1A3956D46DE8}") = "src", "src", "{827E0CD3-B72D-47B6-A68D-7590B98EB39B}"
EndProject
Project("{2150E333-8FDC-42A3-9474-1A3956D46DE8}") = "001-HelloWrold", "001-HelloWrold", "{8D9F90EC-DDD7-9653-92EC-41F88DAC460B}"
EndProject
Project("{FAE04EC0-301F-11D3-BF4B-00C04F79EFBC}") = "HelloWorldAPI", "src\001-HelloWrold\HelloWorldAPI.csproj", "{EF35F537-F4DC-42DD-B80A-E73959987A9E}"
EndProject
Project("{2150E333-8FDC-42A3-9474-1A3956D46DE8}") = "002-BasicControllerSetup", "002-BasicControllerSetup", "{627358F2-A5E1-5079-3A1F-452083AF3FA6}"
EndProject
Project("{FAE04EC0-301F-11D3-BF4B-00C04F79EFBC}") = "BasicControllerSetup", "src\002-BasicControllerSetup\BasicControllerSetup.csproj", "{6A21BFB7-BC7E-40ED-86FF-4AA6117EBB37}"
EndProject
Project("{2150E333-8FDC-42A3-9474-1A3956D46DE8}") = "003-HttpVerbsPractice", "003-HttpVerbsPractice", "{4820D102-D840-629C-F500-A060E200538C}"
EndProject
Project("{FAE04EC0-301F-11D3-BF4B-00C04F79EFBC}") = "HttpVerbsPractice", "src\003-HttpVerbsPractice\HttpVerbsPractice.csproj", "{1261F162-CDDD-4568-B77B-1C2BED96C85C}"
EndProject
Project("{FAE04EC0-301F-11D3-BF4B-00C04F79EFBC}") = "004-QueryParameterHandler", "src\004-QueryParameterHandler\004-QueryParameterHandler.csproj", "{F5F3B143-0629-4073-8870-8C6AA3EA3CDB}"
EndProject
Global
	GlobalSection(SolutionConfigurationPlatforms) = preSolution
		Debug|Any CPU = Debug|Any CPU
		Debug|x64 = Debug|x64
		Debug|x86 = Debug|x86
		Release|Any CPU = Release|Any CPU
		Release|x64 = Release|x64
		Release|x86 = Release|x86
	EndGlobalSection
	GlobalSection(ProjectConfigurationPlatforms) = postSolution
		{EF35F537-F4DC-42DD-B80A-E73959987A9E}.Debug|Any CPU.ActiveCfg = Debug|Any CPU
		{EF35F537-F4DC-42DD-B80A-E73959987A9E}.Debug|Any CPU.Build.0 = Debug|Any CPU
		{EF35F537-F4DC-42DD-B80A-E73959987A9E}.Debug|x64.ActiveCfg = Debug|Any CPU
		{EF35F537-F4DC-42DD-B80A-E73959987A9E}.Debug|x64.Build.0 = Debug|Any CPU
		{EF35F537-F4DC-42DD-B80A-E73959987A9E}.Debug|x86.ActiveCfg = Debug|Any CPU
		{EF35F537-F4DC-42DD-B80A-E73959987A9E}.Debug|x86.Build.0 = Debug|Any CPU
		{EF35F537-F4DC-42DD-B80A-E73959987A9E}.Release|Any CPU.ActiveCfg = Release|Any CPU
		{EF35F537-F4DC-42DD-B80A-E73959987A9E}.Release|Any CPU.Build.0 = Release|Any CPU
		{EF35F537-F4DC-42DD-B80A-E73959987A9E}.Release|x64.ActiveCfg = Release|Any CPU
		{EF35F537-F4DC-42DD-B80A-E73959987A9E}.Release|x64.Build.0 = Release|Any CPU
		{EF35F537-F4DC-42DD-B80A-E73959987A9E}.Release|x86.ActiveCfg = Release|Any CPU
		{EF35F537-F4DC-42DD-B80A-E73959987A9E}.Release|x86.Build.0 = Release|Any CPU
		{6A21BFB7-BC7E-40ED-86FF-4AA6117EBB37}.Debug|Any CPU.ActiveCfg = Debug|Any CPU
		{6A21BFB7-BC7E-40ED-86FF-4AA6117EBB37}.Debug|Any CPU.Build.0 = Debug|Any CPU
		{6A21BFB7-BC7E-40ED-86FF-4AA6117EBB37}.Debug|x64.ActiveCfg = Debug|Any CPU
		{6A21BFB7-BC7E-40ED-86FF-4AA6117EBB37}.Debug|x64.Build.0 = Debug|Any CPU
		{6A21BFB7-BC7E-40ED-86FF-4AA6117EBB37}.Debug|x86.ActiveCfg = Debug|Any CPU
		{6A21BFB7-BC7E-40ED-86FF-4AA6117EBB37}.Debug|x86.Build.0 = Debug|Any CPU
		{6A21BFB7-BC7E-40ED-86FF-4AA6117EBB37}.Release|Any CPU.ActiveCfg = Release|Any CPU
		{6A21BFB7-BC7E-40ED-86FF-4AA6117EBB37}.Release|Any CPU.Build.0 = Release|Any CPU
		{6A21BFB7-BC7E-40ED-86FF-4AA6117EBB37}.Release|x64.ActiveCfg = Release|Any CPU
		{6A21BFB7-BC7E-40ED-86FF-4AA6117EBB37}.Release|x64.Build.0 = Release|Any CPU
		{6A21BFB7-BC7E-40ED-86FF-4AA6117EBB37}.Release|x86.ActiveCfg = Release|Any CPU
		{6A21BFB7-BC7E-40ED-86FF-4AA6117EBB37}.Release|x86.Build.0 = Release|Any CPU
		{1261F162-CDDD-4568-B77B-1C2BED96C85C}.Debug|Any CPU.ActiveCfg = Debug|Any CPU
		{1261F162-CDDD-4568-B77B-1C2BED96C85C}.Debug|Any CPU.Build.0 = Debug|Any CPU
		{1261F162-CDDD-4568-B77B-1C2BED96C85C}.Debug|x64.ActiveCfg = Debug|Any CPU
		{1261F162-CDDD-4568-B77B-1C2BED96C85C}.Debug|x64.Build.0 = Debug|Any CPU
		{1261F162-CDDD-4568-B77B-1C2BED96C85C}.Debug|x86.ActiveCfg = Debug|Any CPU
		{1261F162-CDDD-4568-B77B-1C2BED96C85C}.Debug|x86.Build.0 = Debug|Any CPU
		{1261F162-CDDD-4568-B77B-1C2BED96C85C}.Release|Any CPU.ActiveCfg = Release|Any CPU
		{1261F162-CDDD-4568-B77B-1C2BED96C85C}.Release|Any CPU.Build.0 = Release|Any CPU
		{1261F162-CDDD-4568-B77B-1C2BED96C85C}.Release|x64.ActiveCfg = Release|Any CPU
		{1261F162-CDDD-4568-B77B-1C2BED96C85C}.Release|x64.Build.0 = Release|Any CPU
		{1261F162-CDDD-4568-B77B-1C2BED96C85C}.Release|x86.ActiveCfg = Release|Any CPU
		{1261F162-CDDD-4568-B77B-1C2BED96C85C}.Release|x86.Build.0 = Release|Any CPU
		{F5F3B143-0629-4073-8870-8C6AA3EA3CDB}.Debug|Any CPU.ActiveCfg = Debug|Any CPU
		{F5F3B143-0629-4073-8870-8C6AA3EA3CDB}.Debug|Any CPU.Build.0 = Debug|Any CPU
		{F5F3B143-0629-4073-8870-8C6AA3EA3CDB}.Debug|x64.ActiveCfg = Debug|Any CPU
		{F5F3B143-0629-4073-8870-8C6AA3EA3CDB}.Debug|x64.Build.0 = Debug|Any CPU
		{F5F3B143-0629-4073-8870-8C6AA3EA3CDB}.Debug|x86.ActiveCfg = Debug|Any CPU
		{F5F3B143-0629-4073-8870-8C6AA3EA3CDB}.Debug|x86.Build.0 = Debug|Any CPU
		{F5F3B143-0629-4073-8870-8C6AA3EA3CDB}.Release|Any CPU.ActiveCfg = Release|Any CPU
		{F5F3B143-0629-4073-8870-8C6AA3EA3CDB}.Release|Any CPU.Build.0 = Release|Any CPU
		{F5F3B143-0629-4073-8870-8C6AA3EA3CDB}.Release|x64.ActiveCfg = Release|Any CPU
		{F5F3B143-0629-4073-8870-8C6AA3EA3CDB}.Release|x64.Build.0 = Release|Any CPU
		{F5F3B143-0629-4073-8870-8C6AA3EA3CDB}.Release|x86.ActiveCfg = Release|Any CPU
		{F5F3B143-0629-4073-8870-8C6AA3EA3CDB}.Release|x86.Build.0 = Release|Any CPU
	EndGlobalSection
	GlobalSection(SolutionProperties) = preSolution
		HideSolutionNode = FALSE
	EndGlobalSection
	GlobalSection(NestedProjects) = preSolution
		{8D9F90EC-DDD7-9653-92EC-41F88DAC460B} = {827E0CD3-B72D-47B6-A68D-7590B98EB39B}
		{EF35F537-F4DC-42DD-B80A-E73959987A9E} = {8D9F90EC-DDD7-9653-92EC-41F88DAC460B}
		{627358F2-A5E1-5079-3A1F-452083AF3FA6} = {827E0CD3-B72D-47B6-A68D-7590B98EB39B}
		{6A21BFB7-BC7E-40ED-86FF-4AA6117EBB37} = {627358F2-A5E1-5079-3A1F-452083AF3FA6}
		{4820D102-D840-629C-F500-A060E200538C} = {827E0CD3-B72D-47B6-A68D-7590B98EB39B}
		{1261F162-CDDD-4568-B77B-1C2BED96C85C} = {4820D102-D840-629C-F500-A060E200538C}
		{F5F3B143-0629-4073-8870-8C6AA3EA3CDB} = {827E0CD3-B72D-47B6-A68D-7590B98EB39B}
	EndGlobalSection
EndGlobal
